
Microsoft Visual Studio Solution File, Format Version 12.00
# Visual Studio for Mac
Project("{FAE04EC0-301F-11D3-BF4B-00C04F79EFBC}") = "AOYA_APP_0831", "Assembly-CSharp.csproj", "{064DEB12-3BC4-12A8-8045-76109418EF49}"
EndProject
Global
	GlobalSection(SolutionConfigurationPlatforms) = preSolution
		Debug|Any CPU = Debug|Any CPU
		Release|Any CPU = Release|Any CPU
	EndGlobalSection
	GlobalSection(ProjectConfigurationPlatforms) = postSolution
		{064DEB12-3BC4-12A8-8045-76109418EF49}.Debug|Any CPU.ActiveCfg = Debug|Any CPU
		{064DEB12-3BC4-12A8-8045-76109418EF49}.Debug|Any CPU.Build.0 = Debug|Any CPU
		{064DEB12-3BC4-12A8-8045-76109418EF49}.Release|Any CPU.ActiveCfg = Release|Any CPU
		{064DEB12-3BC4-12A8-8045-76109418EF49}.Release|Any CPU.Build.0 = Release|Any CPU
	EndGlobalSection
	GlobalSection(SolutionProperties) = preSolution
		HideSolutionNode = FALSE
	EndGlobalSection
EndGlobal
